
Microsoft Visual Studio Solution File, Format Version 12.00
# Visual Studio Version 17
VisualStudioVersion = 17.11.35312.102
MinimumVisualStudioVersion = 10.0.40219.1
Project("{FAE04EC0-301F-11D3-BF4B-00C04F79EFBC}") = "proj_clinica", "proj_clinica.csproj", "{386F5088-C457-49FE-B16B-B51962FB3206}"
EndProject
Global
	GlobalSection(SolutionConfigurationPlatforms) = preSolution
		Debug|Any CPU = Debug|Any CPU
		Release|Any CPU = Release|Any CPU
	EndGlobalSection
	GlobalSection(ProjectConfigurationPlatforms) = postSolution
		{386F5088-C457-49FE-B16B-B51962FB3206}.Debug|Any CPU.ActiveCfg = Debug|Any CPU
		{386F5088-C457-49FE-B16B-B51962FB3206}.Debug|Any CPU.Build.0 = Debug|Any CPU
		{386F5088-C457-49FE-B16B-B51962FB3206}.Release|Any CPU.ActiveCfg = Release|Any CPU
		{386F5088-C457-49FE-B16B-B51962FB3206}.Release|Any CPU.Build.0 = Release|Any CPU
	EndGlobalSection
	GlobalSection(SolutionProperties) = preSolution
		HideSolutionNode = FALSE
	EndGlobalSection
	GlobalSection(ExtensibilityGlobals) = postSolution
		SolutionGuid = {1A275567-EBBC-4338-A372-9249158B649C}
	EndGlobalSection
EndGlobal
